{
  "version": 4,
  "terraform_version": "1.14.3",
  "serial": 3,
  "lineage": "f99cd6a7-d7e2-c385-882a-e2bfc19ebaa0",
  "outputs": {},
  "resources": [
    {
      "mode": "managed",
      "type": "aws_instance",
      "name": "db",
      "provider": "provider[\"registry.terraform.io/hashicorp/aws\"]",
      "instances": [
        {
          "schema_version": 2,
          "attributes": {
            "ami": "ami-0ecb62995f68bb549",
            "arn": "arn:aws:ec2:us-east-1:127653498738:instance/i-0d47cb8923abce8f8",
            "associate_public_ip_address": true,
            "availability_zone": "us-east-1c",
            "capacity_reservation_specification": [
              {
                "capacity_reservation_preference": "open",
                "capacity_reservation_target": []
              }
            ],
            "cpu_options": [
              {
                "amd_sev_snp": "",
                "core_count": 1,
                "threads_per_core": 1
              }
            ],
            "credit_specification": [
              {
                "cpu_credits": "standard"
              }
            ],
            "disable_api_stop": false,
            "disable_api_termination": false,
            "ebs_block_device": [],
            "ebs_optimized": false,
            "enable_primary_ipv6": null,
            "enclave_options": [
              {
                "enabled": false
              }
            ],
            "ephemeral_block_device": [],
            "force_destroy": false,
            "get_password_data": false,
            "hibernation": false,
            "host_id": "",
            "host_resource_group_arn": null,
            "iam_instance_profile": "",
            "id": "i-0d47cb8923abce8f8",
            "instance_initiated_shutdown_behavior": "stop",
            "instance_lifecycle": "",
            "instance_market_options": [],
            "instance_state": "running",
            "instance_type": "t2.micro",
            "ipv6_address_count": 0,
            "ipv6_addresses": [],
            "key_name": "",
            "launch_template": [],
            "maintenance_options": [
              {
                "auto_recovery": "default"
              }
            ],
            "metadata_options": [
              {
                "http_endpoint": "enabled",
                "http_protocol_ipv6": "disabled",
                "http_put_response_hop_limit": 2,
                "http_tokens": "required",
                "instance_metadata_tags": "disabled"
              }
            ],
            "monitoring": false,
            "network_interface": [],
            "outpost_arn": "",
            "password_data": "",
            "placement_group": "",
            "placement_group_id": "",
            "placement_partition_number": 0,
            "primary_network_interface": [
              {
                "delete_on_termination": true,
                "network_interface_id": "eni-039bea807f3a6b755"
              }
            ],
            "primary_network_interface_id": "eni-039bea807f3a6b755",
            "private_dns": "ip-172-31-29-164.ec2.internal",
            "private_dns_name_options": [
              {
                "enable_resource_name_dns_a_record": false,
                "enable_resource_name_dns_aaaa_record": false,
                "hostname_type": "ip-name"
              }
            ],
            "private_ip": "172.31.29.164",
            "public_dns": "ec2-3-93-164-250.compute-1.amazonaws.com",
            "public_ip": "3.93.164.250",
            "region": "us-east-1",
            "root_block_device": [
              {
                "delete_on_termination": true,
                "device_name": "/dev/sda1",
                "encrypted": false,
                "iops": 3000,
                "kms_key_id": "",
                "tags": {},
                "tags_all": {},
                "throughput": 125,
                "volume_id": "vol-026e3d5367c37fb82",
                "volume_size": 8,
                "volume_type": "gp3"
              }
            ],
            "secondary_private_ips": [],
            "security_groups": [
              "kn09-db-terraform"
            ],
            "source_dest_check": true,
            "spot_instance_request_id": "",
            "subnet_id": "subnet-9c94c3d1",
            "tags": {
              "Name": "KN09-DB-Terraform"
            },
            "tags_all": {
              "Name": "KN09-DB-Terraform"
            },
            "tenancy": "default",
            "timeouts": null,
            "user_data": "#cloud-config\r\n\r\nusers:\r\n  - name: ubuntu\r\n    sudo: ALL=(ALL) NOPASSWD:ALL\r\n    groups: users, admin\r\n    shell: /bin/bash\r\n    ssh_authorized_keys:\r\n      - ssh-rsa\r\n        AAAAB3NzaC1yc2EAAAADAQABAAABAQC1u9HFk1gRjYMGlJ+CZgMsfyNS/owEmKtvoaNYOt4mbafOLarz5C2d+no/1IwqHd9WNuI2FC4GHnNhO002yVK9RXwnZYgK9MbZo6SMAq1pxzQVno9Dzpt3LsHOteRziMIKpPr3q7OS3/CKpNd1Fz4hduT3xBHXjPmJLhI4Nzg3HI670/rW3iuDEtsRE7IC/fIsaVNIq6itLYLNoGKYzMC7Cb/yIt7ShbOdLH1luQjgJIogK2Q+Qx2AVEE0zwohQHeCkmEU7OR6V46Y3R4jxp54IvSCV4OApquKOfSrkZk62QIg7elliQYq9argpqvhlJsxwIaRfKmRid2nZOzdEozr\r\n        aws-key-Daphne\r\n      - ssh-rsa\r\n        AAAAB3NzaC1yc2EAAAADAQABAAABAQC0WGP1EZykEtv5YGC9nMiPFW3U3DmZNzKFO5nEu6uozEHh4jLZzPNHSrfFTuQ2GnRDSt+XbOtTLdcj26+iPNiFoFha42aCIzYjt6V8Z+SQ9pzF4jPPzxwXfDdkEWylgoNnZ+4MG1lNFqa8aO7F62tX0Yj5khjC0Bs7Mb2cHLx1XZaxJV6qSaulDuBbLYe8QUZXkMc7wmob3PM0kflfolR3LE7LResIHWa4j4FL6r5cQmFlDU2BDPpKMFMGUfRSFiUtaWBNXFOWHQBC2+uKmuMPYP4vJC9sBgqMvPN/X2KyemqdMvdKXnCfrzadHuSSJYEzD64Cve5Zl9yVvY4AqyBD\r\n        aws-key-NUY\r\nssh_pwauth: false\r\ndisable_root: false\r\npackage_update: true\r\npackages:\r\n  - mariadb-server\r\n\r\nruncmd:\r\n  - sed -i 's/127.0.0.1/0.0.0.0/g' /etc/mysql/mariadb.conf.d/50-server.cnf\r\n  - systemctl restart mariadb\r\n  - mysql -e \"CREATE DATABASE kn09_db;\"\r\n  - mysql -e \"CREATE USER 'kn09_user'@'%' IDENTIFIED BY 'kn09password';\"\r\n  - mysql -e \"GRANT ALL PRIVILEGES ON kn09_db.* TO 'kn09_user'@'%';\"\r\n  - mysql -e \"FLUSH PRIVILEGES;\"",
            "user_data_base64": null,
            "user_data_replace_on_change": false,
            "volume_tags": null,
            "vpc_security_group_ids": [
              "sg-0d93daa5647b37b25"
            ]
          },
          "sensitive_attributes": [],
          "identity_schema_version": 0,
          "identity": {
            "account_id": "127653498738",
            "id": "i-0d47cb8923abce8f8",
            "region": "us-east-1"
          },
          "private": "eyJlMmJmYjczMC1lY2FhLTExZTYtOGY4OC0zNDM2M2JjN2M0YzAiOnsiY3JlYXRlIjo2MDAwMDAwMDAwMDAsImRlbGV0ZSI6MTIwMDAwMDAwMDAwMCwicmVhZCI6OTAwMDAwMDAwMDAwLCJ1cGRhdGUiOjYwMDAwMDAwMDAwMH0sInNjaGVtYV92ZXJzaW9uIjoiMiJ9",
          "dependencies": [
            "aws_security_group.db_sg"
          ]
        }
      ]
    },
    {
      "mode": "managed",
      "type": "aws_security_group",
      "name": "db_sg",
      "provider": "provider[\"registry.terraform.io/hashicorp/aws\"]",
      "instances": [
        {
          "schema_version": 1,
          "attributes": {
            "arn": "arn:aws:ec2:us-east-1:127653498738:security-group/sg-0d93daa5647b37b25",
            "description": "Security Group for KN09 DB",
            "egress": [
              {
                "cidr_blocks": [
                  "0.0.0.0/0"
                ],
                "description": "",
                "from_port": 0,
                "ipv6_cidr_blocks": [],
                "prefix_list_ids": [],
                "protocol": "-1",
                "security_groups": [],
                "self": false,
                "to_port": 0
              }
            ],
            "id": "sg-0d93daa5647b37b25",
            "ingress": [
              {
                "cidr_blocks": [
                  "0.0.0.0/0"
                ],
                "description": "",
                "from_port": 22,
                "ipv6_cidr_blocks": [],
                "prefix_list_ids": [],
                "protocol": "tcp",
                "security_groups": [],
                "self": false,
                "to_port": 22
              },
              {
                "cidr_blocks": [
                  "0.0.0.0/0"
                ],
                "description": "",
                "from_port": 3306,
                "ipv6_cidr_blocks": [],
                "prefix_list_ids": [],
                "protocol": "tcp",
                "security_groups": [],
                "self": false,
                "to_port": 3306
              }
            ],
            "name": "kn09-db-terraform",
            "name_prefix": "",
            "owner_id": "127653498738",
            "region": "us-east-1",
            "revoke_rules_on_delete": false,
            "tags": {
              "Name": "kn09-db"
            },
            "tags_all": {
              "Name": "kn09-db"
            },
            "timeouts": null,
            "vpc_id": "vpc-a58e5dd8"
          },
          "sensitive_attributes": [],
          "identity_schema_version": 0,
          "identity": {
            "account_id": "127653498738",
            "id": "sg-0d93daa5647b37b25",
            "region": "us-east-1"
          },
          "private": "eyJlMmJmYjczMC1lY2FhLTExZTYtOGY4OC0zNDM2M2JjN2M0YzAiOnsiY3JlYXRlIjo2MDAwMDAwMDAwMDAsImRlbGV0ZSI6OTAwMDAwMDAwMDAwfSwic2NoZW1hX3ZlcnNpb24iOiIxIn0="
        }
      ]
    }
  ],
  "check_results": null
}
